
Microsoft Visual Studio Solution File, Format Version 12.00
# Visual Studio 15
VisualStudioVersion = 15.0.26228.92
MinimumVisualStudioVersion = 10.0.40219.1
Project("{FAE04EC0-301F-11D3-BF4B-00C04F79EFBC}") = "ForeSiteInstall", "ForeSiteInstall.csproj", "{90D0116D-0E96-46E8-B08F-F0B233EA4508}"
EndProject
Global
	GlobalSection(SolutionConfigurationPlatforms) = preSolution
		Debug|Any CPU = Debug|Any CPU
		Release|Any CPU = Release|Any CPU
	EndGlobalSection
	GlobalSection(ProjectConfigurationPlatforms) = postSolution
		{90D0116D-0E96-46E8-B08F-F0B233EA4508}.Debug|Any CPU.ActiveCfg = Debug|Any CPU
		{90D0116D-0E96-46E8-B08F-F0B233EA4508}.Debug|Any CPU.Build.0 = Debug|Any CPU
		{90D0116D-0E96-46E8-B08F-F0B233EA4508}.Release|Any CPU.ActiveCfg = Release|Any CPU
		{90D0116D-0E96-46E8-B08F-F0B233EA4508}.Release|Any CPU.Build.0 = Release|Any CPU
	EndGlobalSection
	GlobalSection(SolutionProperties) = preSolution
		HideSolutionNode = FALSE
	EndGlobalSection
EndGlobal
