
Microsoft Visual Studio Solution File, Format Version 12.00
# Visual Studio 15
VisualStudioVersion = 15.0.27703.2042
MinimumVisualStudioVersion = 10.0.40219.1
Project("{FAE04EC0-301F-11D3-BF4B-00C04F79EFBC}") = "FStoolboxtest", "FStoolboxtest\FStoolboxtest.csproj", "{67A96297-DDC9-41D5-8343-25B0BACE379A}"
EndProject
Global
	GlobalSection(SolutionConfigurationPlatforms) = preSolution
		Debug|Any CPU = Debug|Any CPU
		Release|Any CPU = Release|Any CPU
	EndGlobalSection
	GlobalSection(ProjectConfigurationPlatforms) = postSolution
		{67A96297-DDC9-41D5-8343-25B0BACE379A}.Debug|Any CPU.ActiveCfg = Debug|Any CPU
		{67A96297-DDC9-41D5-8343-25B0BACE379A}.Debug|Any CPU.Build.0 = Debug|Any CPU
		{67A96297-DDC9-41D5-8343-25B0BACE379A}.Release|Any CPU.ActiveCfg = Release|Any CPU
		{67A96297-DDC9-41D5-8343-25B0BACE379A}.Release|Any CPU.Build.0 = Release|Any CPU
	EndGlobalSection
	GlobalSection(SolutionProperties) = preSolution
		HideSolutionNode = FALSE
	EndGlobalSection
	GlobalSection(ExtensibilityGlobals) = postSolution
		SolutionGuid = {449D8564-7150-4496-BCA2-8413099C4DBF}
	EndGlobalSection
EndGlobal
